// !$*UTF8*$!
{
	archiveVersion = 1;
	classes = {
	};
	objectVersion = 56;
	objects = {

/* Begin PBXBuildFile section */
		B02F15A2295E50E9008358DB /* Slot_MachineApp.swift in Sources */ = {isa = PBXBuildFile; fileRef = B02F15A1295E50E9008358DB /* Slot_MachineApp.swift */; };
		B02F15A4295E50E9008358DB /* ContentView.swift in Sources */ = {isa = PBXBuildFile; fileRef = B02F15A3295E50E9008358DB /* ContentView.swift */; };
		B02F15A6295E50EC008358DB /* Assets.xcassets in Resources */ = {isa = PBXBuildFile; fileRef = B02F15A5295E50EC008358DB /* Assets.xcassets */; };
		B02F15AA295E50EC008358DB /* Preview Assets.xcassets in Resources */ = {isa = PBXBuildFile; fileRef = B02F15A9295E50EC008358DB /* Preview Assets.xcassets */; };
		B02F15B4295E50EC008358DB /* Slot_MachineTests.swift in Sources */ = {isa = PBXBuildFile; fileRef = B02F15B3295E50EC008358DB /* Slot_MachineTests.swift */; };
		B02F15BE295E50EC008358DB /* Slot_MachineUITests.swift in Sources */ = {isa = PBXBuildFile; fileRef = B02F15BD295E50EC008358DB /* Slot_MachineUITests.swift */; };
		B02F15C0295E50EC008358DB /* Slot_MachineUITestsLaunchTests.swift in Sources */ = {isa = PBXBuildFile; fileRef = B02F15BF295E50EC008358DB /* Slot_MachineUITestsLaunchTests.swift */; };
		B02F15E7295E5A73008358DB /* game-over.mp3 in Resources */ = {isa = PBXBuildFile; fileRef = B02F15DF295E5A71008358DB /* game-over.mp3 */; };
		B02F15E8295E5A73008358DB /* chimeup.mp3 in Resources */ = {isa = PBXBuildFile; fileRef = B02F15E0295E5A72008358DB /* chimeup.mp3 */; };
		B02F15E9295E5A73008358DB /* spin.mp3 in Resources */ = {isa = PBXBuildFile; fileRef = B02F15E1295E5A72008358DB /* spin.mp3 */; };
		B02F15EA295E5A73008358DB /* riseup.mp3 in Resources */ = {isa = PBXBuildFile; fileRef = B02F15E2295E5A72008358DB /* riseup.mp3 */; };
		B02F15EB295E5A73008358DB /* win.mp3 in Resources */ = {isa = PBXBuildFile; fileRef = B02F15E3295E5A72008358DB /* win.mp3 */; };
		B02F15EC295E5A73008358DB /* high-score.mp3 in Resources */ = {isa = PBXBuildFile; fileRef = B02F15E4295E5A72008358DB /* high-score.mp3 */; };
		B02F15ED295E5A73008358DB /* casino-chips.mp3 in Resources */ = {isa = PBXBuildFile; fileRef = B02F15E5295E5A72008358DB /* casino-chips.mp3 */; };
		B02F15EE295E5A73008358DB /* background-music.mp3 in Resources */ = {isa = PBXBuildFile; fileRef = B02F15E6295E5A73008358DB /* background-music.mp3 */; };
		B02F15F0295E5CAA008358DB /* Launch Screen.storyboard in Resources */ = {isa = PBXBuildFile; fileRef = B02F15EF295E5CAA008358DB /* Launch Screen.storyboard */; };
		B02F15F2295E7655008358DB /* LogoView.swift in Sources */ = {isa = PBXBuildFile; fileRef = B02F15F1295E7655008358DB /* LogoView.swift */; };
		B02F15F4295E767B008358DB /* Modifiers.swift in Sources */ = {isa = PBXBuildFile; fileRef = B02F15F3295E767B008358DB /* Modifiers.swift */; };
		B02F15F6295E80AF008358DB /* Extensioons.swift in Sources */ = {isa = PBXBuildFile; fileRef = B02F15F5295E80AF008358DB /* Extensioons.swift */; };
		B02F15F8295E8935008358DB /* ReelView.swift in Sources */ = {isa = PBXBuildFile; fileRef = B02F15F7295E8935008358DB /* ReelView.swift */; };
		B04D5023295EA9A900E8B934 /* InfoView.swift in Sources */ = {isa = PBXBuildFile; fileRef = B04D5022295EA9A900E8B934 /* InfoView.swift */; };
		B04D5025295EE34600E8B934 /* ModalView.swift in Sources */ = {isa = PBXBuildFile; fileRef = B04D5024295EE34600E8B934 /* ModalView.swift */; };
/* End PBXBuildFile section */

/* Begin PBXContainerItemProxy section */
		B02F15B0295E50EC008358DB /* PBXContainerItemProxy */ = {
			isa = PBXContainerItemProxy;
			containerPortal = B02F1596295E50E9008358DB /* Project object */;
			proxyType = 1;
			remoteGlobalIDString = B02F159D295E50E9008358DB;
			remoteInfo = "Slot Machine";
		};
		B02F15BA295E50EC008358DB /* PBXContainerItemProxy */ = {
			isa = PBXContainerItemProxy;
			containerPortal = B02F1596295E50E9008358DB /* Project object */;
			proxyType = 1;
			remoteGlobalIDString = B02F159D295E50E9008358DB;
			remoteInfo = "Slot Machine";
		};
/* End PBXContainerItemProxy section */

/* Begin PBXFileReference section */
		B02F159E295E50E9008358DB /* Slot Machine.app */ = {isa = PBXFileReference; explicitFileType = wrapper.application; includeInIndex = 0; path = "Slot Machine.app"; sourceTree = BUILT_PRODUCTS_DIR; };
		B02F15A1295E50E9008358DB /* Slot_MachineApp.swift */ = {isa = PBXFileReference; lastKnownFileType = sourcecode.swift; path = Slot_MachineApp.swift; sourceTree = "<group>"; };
		B02F15A3295E50E9008358DB /* ContentView.swift */ = {isa = PBXFileReference; lastKnownFileType = sourcecode.swift; path = ContentView.swift; sourceTree = "<group>"; };
		B02F15A5295E50EC008358DB /* Assets.xcassets */ = {isa = PBXFileReference; lastKnownFileType = folder.assetcatalog; path = Assets.xcassets; sourceTree = "<group>"; };
		B02F15A7295E50EC008358DB /* Slot_Machine.entitlements */ = {isa = PBXFileReference; lastKnownFileType = text.plist.entitlements; path = Slot_Machine.entitlements; sourceTree = "<group>"; };
		B02F15A9295E50EC008358DB /* Preview Assets.xcassets */ = {isa = PBXFileReference; lastKnownFileType = folder.assetcatalog; path = "Preview Assets.xcassets"; sourceTree = "<group>"; };
		B02F15AF295E50EC008358DB /* Slot MachineTests.xctest */ = {isa = PBXFileReference; explicitFileType = wrapper.cfbundle; includeInIndex = 0; path = "Slot MachineTests.xctest"; sourceTree = BUILT_PRODUCTS_DIR; };
		B02F15B3295E50EC008358DB /* Slot_MachineTests.swift */ = {isa = PBXFileReference; lastKnownFileType = sourcecode.swift; path = Slot_MachineTests.swift; sourceTree = "<group>"; };
		B02F15B9295E50EC008358DB /* Slot MachineUITests.xctest */ = {isa = PBXFileReference; explicitFileType = wrapper.cfbundle; includeInIndex = 0; path = "Slot MachineUITests.xctest"; sourceTree = BUILT_PRODUCTS_DIR; };
		B02F15BD295E50EC008358DB /* Slot_MachineUITests.swift */ = {isa = PBXFileReference; lastKnownFileType = sourcecode.swift; path = Slot_MachineUITests.swift; sourceTree = "<group>"; };
		B02F15BF295E50EC008358DB /* Slot_MachineUITestsLaunchTests.swift */ = {isa = PBXFileReference; lastKnownFileType = sourcecode.swift; path = Slot_MachineUITestsLaunchTests.swift; sourceTree = "<group>"; };
		B02F15DF295E5A71008358DB /* game-over.mp3 */ = {isa = PBXFileReference; lastKnownFileType = audio.mp3; path = "game-over.mp3"; sourceTree = "<group>"; };
		B02F15E0295E5A72008358DB /* chimeup.mp3 */ = {isa = PBXFileReference; lastKnownFileType = audio.mp3; path = chimeup.mp3; sourceTree = "<group>"; };
		B02F15E1295E5A72008358DB /* spin.mp3 */ = {isa = PBXFileReference; lastKnownFileType = audio.mp3; path = spin.mp3; sourceTree = "<group>"; };
		B02F15E2295E5A72008358DB /* riseup.mp3 */ = {isa = PBXFileReference; lastKnownFileType = audio.mp3; path = riseup.mp3; sourceTree = "<group>"; };
		B02F15E3295E5A72008358DB /* win.mp3 */ = {isa = PBXFileReference; lastKnownFileType = audio.mp3; path = win.mp3; sourceTree = "<group>"; };
		B02F15E4295E5A72008358DB /* high-score.mp3 */ = {isa = PBXFileReference; lastKnownFileType = audio.mp3; path = "high-score.mp3"; sourceTree = "<group>"; };
		B02F15E5295E5A72008358DB /* casino-chips.mp3 */ = {isa = PBXFileReference; lastKnownFileType = audio.mp3; path = "casino-chips.mp3"; sourceTree = "<group>"; };
		B02F15E6295E5A73008358DB /* background-music.mp3 */ = {isa = PBXFileReference; lastKnownFileType = audio.mp3; path = "background-music.mp3"; sourceTree = "<group>"; };
		B02F15EF295E5CAA008358DB /* Launch Screen.storyboard */ = {isa = PBXFileReference; lastKnownFileType = file.storyboard; path = "Launch Screen.storyboard"; sourceTree = "<group>"; };
		B02F15F1295E7655008358DB /* LogoView.swift */ = {isa = PBXFileReference; lastKnownFileType = sourcecode.swift; path = LogoView.swift; sourceTree = "<group>"; };
		B02F15F3295E767B008358DB /* Modifiers.swift */ = {isa = PBXFileReference; lastKnownFileType = sourcecode.swift; path = Modifiers.swift; sourceTree = "<group>"; };
		B02F15F5295E80AF008358DB /* Extensioons.swift */ = {isa = PBXFileReference; lastKnownFileType = sourcecode.swift; path = Extensioons.swift; sourceTree = "<group>"; };
		B02F15F7295E8935008358DB /* ReelView.swift */ = {isa = PBXFileReference; lastKnownFileType = sourcecode.swift; path = ReelView.swift; sourceTree = "<group>"; };
		B04D5022295EA9A900E8B934 /* InfoView.swift */ = {isa = PBXFileReference; lastKnownFileType = sourcecode.swift; path = InfoView.swift; sourceTree = "<group>"; };
		B04D5024295EE34600E8B934 /* ModalView.swift */ = {isa = PBXFileReference; lastKnownFileType = sourcecode.swift; path = ModalView.swift; sourceTree = "<group>"; };
/* End PBXFileReference section */

/* Begin PBXFrameworksBuildPhase section */
		B02F159B295E50E9008358DB /* Frameworks */ = {
			isa = PBXFrameworksBuildPhase;
			buildActionMask = 2147483647;
			files = (
			);
			runOnlyForDeploymentPostprocessing = 0;
		};
		B02F15AC295E50EC008358DB /* Frameworks */ = {
			isa = PBXFrameworksBuildPhase;
			buildActionMask = 2147483647;
			files = (
			);
			runOnlyForDeploymentPostprocessing = 0;
		};
		B02F15B6295E50EC008358DB /* Frameworks */ = {
			isa = PBXFrameworksBuildPhase;
			buildActionMask = 2147483647;
			files = (
			);
			runOnlyForDeploymentPostprocessing = 0;
		};
/* End PBXFrameworksBuildPhase section */

/* Begin PBXGroup section */
		B02F1595295E50E9008358DB = {
			isa = PBXGroup;
			children = (
				B02F15A0295E50E9008358DB /* Slot Machine */,
				B02F15B2295E50EC008358DB /* Slot MachineTests */,
				B02F15BC295E50EC008358DB /* Slot MachineUITests */,
				B02F159F295E50E9008358DB /* Products */,
			);
			sourceTree = "<group>";
		};
		B02F159F295E50E9008358DB /* Products */ = {
			isa = PBXGroup;
			children = (
				B02F159E295E50E9008358DB /* Slot Machine.app */,
				B02F15AF295E50EC008358DB /* Slot MachineTests.xctest */,
				B02F15B9295E50EC008358DB /* Slot MachineUITests.xctest */,
			);
			name = Products;
			sourceTree = "<group>";
		};
		B02F15A0295E50E9008358DB /* Slot Machine */ = {
			isa = PBXGroup;
			children = (
				B02F15DE295E535B008358DB /* Helpers */,
				B02F15DD295E534E008358DB /* Views */,
				B02F15DC295E52D3008358DB /* New Group */,
				B02F15A5295E50EC008358DB /* Assets.xcassets */,
				B02F15A1295E50E9008358DB /* Slot_MachineApp.swift */,
				B02F15A7295E50EC008358DB /* Slot_Machine.entitlements */,
				B02F15A8295E50EC008358DB /* Preview Content */,
				B02F15EF295E5CAA008358DB /* Launch Screen.storyboard */,
			);
			path = "Slot Machine";
			sourceTree = "<group>";
		};
		B02F15A8295E50EC008358DB /* Preview Content */ = {
			isa = PBXGroup;
			children = (
				B02F15A9295E50EC008358DB /* Preview Assets.xcassets */,
			);
			path = "Preview Content";
			sourceTree = "<group>";
		};
		B02F15B2295E50EC008358DB /* Slot MachineTests */ = {
			isa = PBXGroup;
			children = (
				B02F15B3295E50EC008358DB /* Slot_MachineTests.swift */,
			);
			path = "Slot MachineTests";
			sourceTree = "<group>";
		};
		B02F15BC295E50EC008358DB /* Slot MachineUITests */ = {
			isa = PBXGroup;
			children = (
				B02F15BD295E50EC008358DB /* Slot_MachineUITests.swift */,
				B02F15BF295E50EC008358DB /* Slot_MachineUITestsLaunchTests.swift */,
			);
			path = "Slot MachineUITests";
			sourceTree = "<group>";
		};
		B02F15DC295E52D3008358DB /* New Group */ = {
			isa = PBXGroup;
			children = (
				B02F15E6295E5A73008358DB /* background-music.mp3 */,
				B02F15E5295E5A72008358DB /* casino-chips.mp3 */,
				B02F15E0295E5A72008358DB /* chimeup.mp3 */,
				B02F15DF295E5A71008358DB /* game-over.mp3 */,
				B02F15E4295E5A72008358DB /* high-score.mp3 */,
				B02F15E2295E5A72008358DB /* riseup.mp3 */,
				B02F15E1295E5A72008358DB /* spin.mp3 */,
				B02F15E3295E5A72008358DB /* win.mp3 */,
			);
			path = "New Group";
			sourceTree = "<group>";
		};
		B02F15DD295E534E008358DB /* Views */ = {
			isa = PBXGroup;
			children = (
				B02F15A3295E50E9008358DB /* ContentView.swift */,
				B02F15F1295E7655008358DB /* LogoView.swift */,
				B02F15F7295E8935008358DB /* ReelView.swift */,
				B04D5022295EA9A900E8B934 /* InfoView.swift */,
				B04D5024295EE34600E8B934 /* ModalView.swift */,
			);
			path = Views;
			sourceTree = "<group>";
		};
		B02F15DE295E535B008358DB /* Helpers */ = {
			isa = PBXGroup;
			children = (
				B02F15F3295E767B008358DB /* Modifiers.swift */,
				B02F15F5295E80AF008358DB /* Extensioons.swift */,
			);
			path = Helpers;
			sourceTree = "<group>";
		};
/* End PBXGroup section */

/* Begin PBXNativeTarget section */
		B02F159D295E50E9008358DB /* Slot Machine */ = {
			isa = PBXNativeTarget;
			buildConfigurationList = B02F15C3295E50EC008358DB /* Build configuration list for PBXNativeTarget "Slot Machine" */;
			buildPhases = (
				B02F159A295E50E9008358DB /* Sources */,
				B02F159B295E50E9008358DB /* Frameworks */,
				B02F159C295E50E9008358DB /* Resources */,
			);
			buildRules = (
			);
			dependencies = (
			);
			name = "Slot Machine";
			productName = "Slot Machine";
			productReference = B02F159E295E50E9008358DB /* Slot Machine.app */;
			productType = "com.apple.product-type.application";
		};
		B02F15AE295E50EC008358DB /* Slot MachineTests */ = {
			isa = PBXNativeTarget;
			buildConfigurationList = B02F15C6295E50EC008358DB /* Build configuration list for PBXNativeTarget "Slot MachineTests" */;
			buildPhases = (
				B02F15AB295E50EC008358DB /* Sources */,
				B02F15AC295E50EC008358DB /* Frameworks */,
				B02F15AD295E50EC008358DB /* Resources */,
			);
			buildRules = (
			);
			dependencies = (
				B02F15B1295E50EC008358DB /* PBXTargetDependency */,
			);
			name = "Slot MachineTests";
			productName = "Slot MachineTests";
			productReference = B02F15AF295E50EC008358DB /* Slot MachineTests.xctest */;
			productType = "com.apple.product-type.bundle.unit-test";
		};
		B02F15B8295E50EC008358DB /* Slot MachineUITests */ = {
			isa = PBXNativeTarget;
			buildConfigurationList = B02F15C9295E50EC008358DB /* Build configuration list for PBXNativeTarget "Slot MachineUITests" */;
			buildPhases = (
				B02F15B5295E50EC008358DB /* Sources */,
				B02F15B6295E50EC008358DB /* Frameworks */,
				B02F15B7295E50EC008358DB /* Resources */,
			);
			buildRules = (
			);
			dependencies = (
				B02F15BB295E50EC008358DB /* PBXTargetDependency */,
			);
			name = "Slot MachineUITests";
			productName = "Slot MachineUITests";
			productReference = B02F15B9295E50EC008358DB /* Slot MachineUITests.xctest */;
			productType = "com.apple.product-type.bundle.ui-testing";
		};
/* End PBXNativeTarget section */

/* Begin PBXProject section */
		B02F1596295E50E9008358DB /* Project object */ = {
			isa = PBXProject;
			attributes = {
				BuildIndependentTargetsInParallel = 1;
				LastSwiftUpdateCheck = 1420;
				LastUpgradeCheck = 1420;
				TargetAttributes = {
					B02F159D295E50E9008358DB = {
						CreatedOnToolsVersion = 14.2;
					};
					B02F15AE295E50EC008358DB = {
						CreatedOnToolsVersion = 14.2;
						TestTargetID = B02F159D295E50E9008358DB;
					};
					B02F15B8295E50EC008358DB = {
						CreatedOnToolsVersion = 14.2;
						TestTargetID = B02F159D295E50E9008358DB;
					};
				};
			};
			buildConfigurationList = B02F1599295E50E9008358DB /* Build configuration list for PBXProject "Slot Machine" */;
			compatibilityVersion = "Xcode 14.0";
			developmentRegion = en;
			hasScannedForEncodings = 0;
			knownRegions = (
				en,
				Base,
			);
			mainGroup = B02F1595295E50E9008358DB;
			productRefGroup = B02F159F295E50E9008358DB /* Products */;
			projectDirPath = "";
			projectRoot = "";
			targets = (
				B02F159D295E50E9008358DB /* Slot Machine */,
				B02F15AE295E50EC008358DB /* Slot MachineTests */,
				B02F15B8295E50EC008358DB /* Slot MachineUITests */,
			);
		};
/* End PBXProject section */

/* Begin PBXResourcesBuildPhase section */
		B02F159C295E50E9008358DB /* Resources */ = {
			isa = PBXResourcesBuildPhase;
			buildActionMask = 2147483647;
			files = (
				B02F15EA295E5A73008358DB /* riseup.mp3 in Resources */,
				B02F15E8295E5A73008358DB /* chimeup.mp3 in Resources */,
				B02F15EE295E5A73008358DB /* background-music.mp3 in Resources */,
				B02F15ED295E5A73008358DB /* casino-chips.mp3 in Resources */,
				B02F15EB295E5A73008358DB /* win.mp3 in Resources */,
				B02F15E9295E5A73008358DB /* spin.mp3 in Resources */,
				B02F15F0295E5CAA008358DB /* Launch Screen.storyboard in Resources */,
				B02F15AA295E50EC008358DB /* Preview Assets.xcassets in Resources */,
				B02F15EC295E5A73008358DB /* high-score.mp3 in Resources */,
				B02F15E7295E5A73008358DB /* game-over.mp3 in Resources */,
				B02F15A6295E50EC008358DB /* Assets.xcassets in Resources */,
			);
			runOnlyForDeploymentPostprocessing = 0;
		};
		B02F15AD295E50EC008358DB /* Resources */ = {
			isa = PBXResourcesBuildPhase;
			buildActionMask = 2147483647;
			files = (
			);
			runOnlyForDeploymentPostprocessing = 0;
		};
		B02F15B7295E50EC008358DB /* Resources */ = {
			isa = PBXResourcesBuildPhase;
			buildActionMask = 2147483647;
			files = (
			);
			runOnlyForDeploymentPostprocessing = 0;
		};
/* End PBXResourcesBuildPhase section */

/* Begin PBXSourcesBuildPhase section */
		B02F159A295E50E9008358DB /* Sources */ = {
			isa = PBXSourcesBuildPhase;
			buildActionMask = 2147483647;
			files = (
				B02F15F8295E8935008358DB /* ReelView.swift in Sources */,
				B02F15F4295E767B008358DB /* Modifiers.swift in Sources */,
				B04D5025295EE34600E8B934 /* ModalView.swift in Sources */,
				B02F15A4295E50E9008358DB /* ContentView.swift in Sources */,
				B02F15F2295E7655008358DB /* LogoView.swift in Sources */,
				B02F15F6295E80AF008358DB /* Extensioons.swift in Sources */,
				B02F15A2295E50E9008358DB /* Slot_MachineApp.swift in Sources */,
				B04D5023295EA9A900E8B934 /* InfoView.swift in Sources */,
			);
			runOnlyForDeploymentPostprocessing = 0;
		};
		B02F15AB295E50EC008358DB /* Sources */ = {
			isa = PBXSourcesBuildPhase;
			buildActionMask = 2147483647;
			files = (
				B02F15B4295E50EC008358DB /* Slot_MachineTests.swift in Sources */,
			);
			runOnlyForDeploymentPostprocessing = 0;
		};
		B02F15B5295E50EC008358DB /* Sources */ = {
			isa = PBXSourcesBuildPhase;
			buildActionMask = 2147483647;
			files = (
				B02F15C0295E50EC008358DB /* Slot_MachineUITestsLaunchTests.swift in Sources */,
				B02F15BE295E50EC008358DB /* Slot_MachineUITests.swift in Sources */,
			);
			runOnlyForDeploymentPostprocessing = 0;
		};
/* End PBXSourcesBuildPhase section */

/* Begin PBXTargetDependency section */
		B02F15B1295E50EC008358DB /* PBXTargetDependency */ = {
			isa = PBXTargetDependency;
			target = B02F159D295E50E9008358DB /* Slot Machine */;
			targetProxy = B02F15B0295E50EC008358DB /* PBXContainerItemProxy */;
		};
		B02F15BB295E50EC008358DB /* PBXTargetDependency */ = {
			isa = PBXTargetDependency;
			target = B02F159D295E50E9008358DB /* Slot Machine */;
			targetProxy = B02F15BA295E50EC008358DB /* PBXContainerItemProxy */;
		};
/* End PBXTargetDependency section */

/* Begin XCBuildConfiguration section */
		B02F15C1295E50EC008358DB /* Debug */ = {
			isa = XCBuildConfiguration;
			buildSettings = {
				ALWAYS_SEARCH_USER_PATHS = NO;
				CLANG_ANALYZER_NONNULL = YES;
				CLANG_ANALYZER_NUMBER_OBJECT_CONVERSION = YES_AGGRESSIVE;
				CLANG_CXX_LANGUAGE_STANDARD = "gnu++20";
				CLANG_ENABLE_MODULES = YES;
				CLANG_ENABLE_OBJC_ARC = YES;
				CLANG_ENABLE_OBJC_WEAK = YES;
				CLANG_WARN_BLOCK_CAPTURE_AUTORELEASING = YES;
				CLANG_WARN_BOOL_CONVERSION = YES;
				CLANG_WARN_COMMA = YES;
				CLANG_WARN_CONSTANT_CONVERSION = YES;
				CLANG_WARN_DEPRECATED_OBJC_IMPLEMENTATIONS = YES;
				CLANG_WARN_DIRECT_OBJC_ISA_USAGE = YES_ERROR;
				CLANG_WARN_DOCUMENTATION_COMMENTS = YES;
				CLANG_WARN_EMPTY_BODY = YES;
				CLANG_WARN_ENUM_CONVERSION = YES;
				CLANG_WARN_INFINITE_RECURSION = YES;
				CLANG_WARN_INT_CONVERSION = YES;
				CLANG_WARN_NON_LITERAL_NULL_CONVERSION = YES;
				CLANG_WARN_OBJC_IMPLICIT_RETAIN_SELF = YES;
				CLANG_WARN_OBJC_LITERAL_CONVERSION = YES;
				CLANG_WARN_OBJC_ROOT_CLASS = YES_ERROR;
				CLANG_WARN_QUOTED_INCLUDE_IN_FRAMEWORK_HEADER = YES;
				CLANG_WARN_RANGE_LOOP_ANALYSIS = YES;
				CLANG_WARN_STRICT_PROTOTYPES = YES;
				CLANG_WARN_SUSPICIOUS_MOVE = YES;
				CLANG_WARN_UNGUARDED_AVAILABILITY = YES_AGGRESSIVE;
				CLANG_WARN_UNREACHABLE_CODE = YES;
				CLANG_WARN__DUPLICATE_METHOD_MATCH = YES;
				COPY_PHASE_STRIP = NO;
				DEBUG_INFORMATION_FORMAT = dwarf;
				ENABLE_STRICT_OBJC_MSGSEND = YES;
				ENABLE_TESTABILITY = YES;
				GCC_C_LANGUAGE_STANDARD = gnu11;
				GCC_DYNAMIC_NO_PIC = NO;
				GCC_NO_COMMON_BLOCKS = YES;
				GCC_OPTIMIZATION_LEVEL = 0;
				GCC_PREPROCESSOR_DEFINITIONS = (
					"DEBUG=1",
					"$(inherited)",
				);
				GCC_WARN_64_TO_32_BIT_CONVERSION = YES;
				GCC_WARN_ABOUT_RETURN_TYPE = YES_ERROR;
				GCC_WARN_UNDECLARED_SELECTOR = YES;
				GCC_WARN_UNINITIALIZED_AUTOS = YES_AGGRESSIVE;
				GCC_WARN_UNUSED_FUNCTION = YES;
				GCC_WARN_UNUSED_VARIABLE = YES;
				MTL_ENABLE_DEBUG_INFO = INCLUDE_SOURCE;
				MTL_FAST_MATH = YES;
				ONLY_ACTIVE_ARCH = YES;
				SWIFT_ACTIVE_COMPILATION_CONDITIONS = DEBUG;
				SWIFT_OPTIMIZATION_LEVEL = "-Onone";
			};
			name = Debug;
		};
		B02F15C2295E50EC008358DB /* Release */ = {
			isa = XCBuildConfiguration;
			buildSettings = {
				ALWAYS_SEARCH_USER_PATHS = NO;
				CLANG_ANALYZER_NONNULL = YES;
				CLANG_ANALYZER_NUMBER_OBJECT_CONVERSION = YES_AGGRESSIVE;
				CLANG_CXX_LANGUAGE_STANDARD = "gnu++20";
				CLANG_ENABLE_MODULES = YES;
				CLANG_ENABLE_OBJC_ARC = YES;
				CLANG_ENABLE_OBJC_WEAK = YES;
				CLANG_WARN_BLOCK_CAPTURE_AUTORELEASING = YES;
				CLANG_WARN_BOOL_CONVERSION = YES;
				CLANG_WARN_COMMA = YES;
				CLANG_WARN_CONSTANT_CONVERSION = YES;
				CLANG_WARN_DEPRECATED_OBJC_IMPLEMENTATIONS = YES;
				CLANG_WARN_DIRECT_OBJC_ISA_USAGE = YES_ERROR;
				CLANG_WARN_DOCUMENTATION_COMMENTS = YES;
				CLANG_WARN_EMPTY_BODY = YES;
				CLANG_WARN_ENUM_CONVERSION = YES;
				CLANG_WARN_INFINITE_RECURSION = YES;
				CLANG_WARN_INT_CONVERSION = YES;
				CLANG_WARN_NON_LITERAL_NULL_CONVERSION = YES;
				CLANG_WARN_OBJC_IMPLICIT_RETAIN_SELF = YES;
				CLANG_WARN_OBJC_LITERAL_CONVERSION = YES;
				CLANG_WARN_OBJC_ROOT_CLASS = YES_ERROR;
				CLANG_WARN_QUOTED_INCLUDE_IN_FRAMEWORK_HEADER = YES;
				CLANG_WARN_RANGE_LOOP_ANALYSIS = YES;
				CLANG_WARN_STRICT_PROTOTYPES = YES;
				CLANG_WARN_SUSPICIOUS_MOVE = YES;
				CLANG_WARN_UNGUARDED_AVAILABILITY = YES_AGGRESSIVE;
				CLANG_WARN_UNREACHABLE_CODE = YES;
				CLANG_WARN__DUPLICATE_METHOD_MATCH = YES;
				COPY_PHASE_STRIP = NO;
				DEBUG_INFORMATION_FORMAT = "dwarf-with-dsym";
				ENABLE_NS_ASSERTIONS = NO;
				ENABLE_STRICT_OBJC_MSGSEND = YES;
				GCC_C_LANGUAGE_STANDARD = gnu11;
				GCC_NO_COMMON_BLOCKS = YES;
				GCC_WARN_64_TO_32_BIT_CONVERSION = YES;
				GCC_WARN_ABOUT_RETURN_TYPE = YES_ERROR;
				GCC_WARN_UNDECLARED_SELECTOR = YES;
				GCC_WARN_UNINITIALIZED_AUTOS = YES_AGGRESSIVE;
				GCC_WARN_UNUSED_FUNCTION = YES;
				GCC_WARN_UNUSED_VARIABLE = YES;
				MTL_ENABLE_DEBUG_INFO = NO;
				MTL_FAST_MATH = YES;
				SWIFT_COMPILATION_MODE = wholemodule;
				SWIFT_OPTIMIZATION_LEVEL = "-O";
			};
			name = Release;
		};
		B02F15C4295E50EC008358DB /* Debug */ = {
			isa = XCBuildConfiguration;
			buildSettings = {
				ASSETCATALOG_COMPILER_APPICON_NAME = AppIcon;
				ASSETCATALOG_COMPILER_GLOBAL_ACCENT_COLOR_NAME = AccentColor;
				CODE_SIGN_ENTITLEMENTS = "Slot Machine/Slot_Machine.entitlements";
				CODE_SIGN_STYLE = Automatic;
				CURRENT_PROJECT_VERSION = 1;
				DEVELOPMENT_ASSET_PATHS = "\"Slot Machine/Preview Content\"";
				DEVELOPMENT_TEAM = TLQWZ8TT2Z;
				ENABLE_HARDENED_RUNTIME = YES;
				ENABLE_PREVIEWS = YES;
				GENERATE_INFOPLIST_FILE = YES;
				"INFOPLIST_KEY_UIApplicationSceneManifest_Generation[sdk=iphoneos*]" = YES;
				"INFOPLIST_KEY_UIApplicationSceneManifest_Generation[sdk=iphonesimulator*]" = YES;
				"INFOPLIST_KEY_UIApplicationSupportsIndirectInputEvents[sdk=iphoneos*]" = YES;
				"INFOPLIST_KEY_UIApplicationSupportsIndirectInputEvents[sdk=iphonesimulator*]" = YES;
				"INFOPLIST_KEY_UILaunchScreen_Generation[sdk=iphoneos*]" = YES;
				"INFOPLIST_KEY_UILaunchScreen_Generation[sdk=iphonesimulator*]" = YES;
				"INFOPLIST_KEY_UIStatusBarStyle[sdk=iphoneos*]" = UIStatusBarStyleDefault;
				"INFOPLIST_KEY_UIStatusBarStyle[sdk=iphonesimulator*]" = UIStatusBarStyleDefault;
				INFOPLIST_KEY_UISupportedInterfaceOrientations_iPad = "UIInterfaceOrientationPortrait UIInterfaceOrientationPortraitUpsideDown UIInterfaceOrientationLandscapeLeft UIInterfaceOrientationLandscapeRight";
				INFOPLIST_KEY_UISupportedInterfaceOrientations_iPhone = "UIInterfaceOrientationPortrait UIInterfaceOrientationLandscapeLeft UIInterfaceOrientationLandscapeRight";
				IPHONEOS_DEPLOYMENT_TARGET = 16.2;
				LD_RUNPATH_SEARCH_PATHS = "@executable_path/Frameworks";
				"LD_RUNPATH_SEARCH_PATHS[sdk=macosx*]" = "@executable_path/../Frameworks";
				MACOSX_DEPLOYMENT_TARGET = 13.1;
				MARKETING_VERSION = 1.0;
				PRODUCT_BUNDLE_IDENTIFIER = "moi.Slot-Machine";
				PRODUCT_NAME = "$(TARGET_NAME)";
				SDKROOT = auto;
				SUPPORTED_PLATFORMS = "iphoneos iphonesimulator";
				SUPPORTS_MACCATALYST = NO;
				SUPPORTS_MAC_DESIGNED_FOR_IPHONE_IPAD = NO;
				SWIFT_EMIT_LOC_STRINGS = YES;
				SWIFT_VERSION = 5.0;
				TARGETED_DEVICE_FAMILY = "1,2";
			};
			name = Debug;
		};
		B02F15C5295E50EC008358DB /* Release */ = {
			isa = XCBuildConfiguration;
			buildSettings = {
				ASSETCATALOG_COMPILER_APPICON_NAME = AppIcon;
				ASSETCATALOG_COMPILER_GLOBAL_ACCENT_COLOR_NAME = AccentColor;
				CODE_SIGN_ENTITLEMENTS = "Slot Machine/Slot_Machine.entitlements";
				CODE_SIGN_STYLE = Automatic;
				CURRENT_PROJECT_VERSION = 1;
				DEVELOPMENT_ASSET_PATHS = "\"Slot Machine/Preview Content\"";
				DEVELOPMENT_TEAM = TLQWZ8TT2Z;
				ENABLE_HARDENED_RUNTIME = YES;
				ENABLE_PREVIEWS = YES;
				GENERATE_INFOPLIST_FILE = YES;
				"INFOPLIST_KEY_UIApplicationSceneManifest_Generation[sdk=iphoneos*]" = YES;
				"INFOPLIST_KEY_UIApplicationSceneManifest_Generation[sdk=iphonesimulator*]" = YES;
				"INFOPLIST_KEY_UIApplicationSupportsIndirectInputEvents[sdk=iphoneos*]" = YES;
				"INFOPLIST_KEY_UIApplicationSupportsIndirectInputEvents[sdk=iphonesimulator*]" = YES;
				"INFOPLIST_KEY_UILaunchScreen_Generation[sdk=iphoneos*]" = YES;
				"INFOPLIST_KEY_UILaunchScreen_Generation[sdk=iphonesimulator*]" = YES;
				"INFOPLIST_KEY_UIStatusBarStyle[sdk=iphoneos*]" = UIStatusBarStyleDefault;
				"INFOPLIST_KEY_UIStatusBarStyle[sdk=iphonesimulator*]" = UIStatusBarStyleDefault;
				INFOPLIST_KEY_UISupportedInterfaceOrientations_iPad = "UIInterfaceOrientationPortrait UIInterfaceOrientationPortraitUpsideDown UIInterfaceOrientationLandscapeLeft UIInterfaceOrientationLandscapeRight";
				INFOPLIST_KEY_UISupportedInterfaceOrientations_iPhone = "UIInterfaceOrientationPortrait UIInterfaceOrientationLandscapeLeft UIInterfaceOrientationLandscapeRight";
				IPHONEOS_DEPLOYMENT_TARGET = 16.2;
				LD_RUNPATH_SEARCH_PATHS = "@executable_path/Frameworks";
				"LD_RUNPATH_SEARCH_PATHS[sdk=macosx*]" = "@executable_path/../Frameworks";
				MACOSX_DEPLOYMENT_TARGET = 13.1;
				MARKETING_VERSION = 1.0;
				PRODUCT_BUNDLE_IDENTIFIER = "moi.Slot-Machine";
				PRODUCT_NAME = "$(TARGET_NAME)";
				SDKROOT = auto;
				SUPPORTED_PLATFORMS = "iphoneos iphonesimulator";
				SUPPORTS_MACCATALYST = NO;
				SUPPORTS_MAC_DESIGNED_FOR_IPHONE_IPAD = NO;
				SWIFT_EMIT_LOC_STRINGS = YES;
				SWIFT_VERSION = 5.0;
				TARGETED_DEVICE_FAMILY = "1,2";
			};
			name = Release;
		};
		B02F15C7295E50EC008358DB /* Debug */ = {
			isa = XCBuildConfiguration;
			buildSettings = {
				ALWAYS_EMBED_SWIFT_STANDARD_LIBRARIES = YES;
				BUNDLE_LOADER = "$(TEST_HOST)";
				CODE_SIGN_STYLE = Automatic;
				CURRENT_PROJECT_VERSION = 1;
				DEVELOPMENT_TEAM = TLQWZ8TT2Z;
				GENERATE_INFOPLIST_FILE = YES;
				IPHONEOS_DEPLOYMENT_TARGET = 16.2;
				MACOSX_DEPLOYMENT_TARGET = 13.1;
				MARKETING_VERSION = 1.0;
				PRODUCT_BUNDLE_IDENTIFIER = "moi.Slot-MachineTests";
				PRODUCT_NAME = "$(TARGET_NAME)";
				SDKROOT = auto;
				SUPPORTED_PLATFORMS = "iphoneos iphonesimulator macosx";
				SWIFT_EMIT_LOC_STRINGS = NO;
				SWIFT_VERSION = 5.0;
				TARGETED_DEVICE_FAMILY = "1,2";
				TEST_HOST = "$(BUILT_PRODUCTS_DIR)/Slot Machine.app/$(BUNDLE_EXECUTABLE_FOLDER_PATH)/Slot Machine";
			};
			name = Debug;
		};
		B02F15C8295E50EC008358DB /* Release */ = {
			isa = XCBuildConfiguration;
			buildSettings = {
				ALWAYS_EMBED_SWIFT_STANDARD_LIBRARIES = YES;
				BUNDLE_LOADER = "$(TEST_HOST)";
				CODE_SIGN_STYLE = Automatic;
				CURRENT_PROJECT_VERSION = 1;
				DEVELOPMENT_TEAM = TLQWZ8TT2Z;
				GENERATE_INFOPLIST_FILE = YES;
				IPHONEOS_DEPLOYMENT_TARGET = 16.2;
				MACOSX_DEPLOYMENT_TARGET = 13.1;
				MARKETING_VERSION = 1.0;
				PRODUCT_BUNDLE_IDENTIFIER = "moi.Slot-MachineTests";
				PRODUCT_NAME = "$(TARGET_NAME)";
				SDKROOT = auto;
				SUPPORTED_PLATFORMS = "iphoneos iphonesimulator macosx";
				SWIFT_EMIT_LOC_STRINGS = NO;
				SWIFT_VERSION = 5.0;
				TARGETED_DEVICE_FAMILY = "1,2";
				TEST_HOST = "$(BUILT_PRODUCTS_DIR)/Slot Machine.app/$(BUNDLE_EXECUTABLE_FOLDER_PATH)/Slot Machine";
			};
			name = Release;
		};
		B02F15CA295E50EC008358DB /* Debug */ = {
			isa = XCBuildConfiguration;
			buildSettings = {
				ALWAYS_EMBED_SWIFT_STANDARD_LIBRARIES = YES;
				CODE_SIGN_STYLE = Automatic;
				CURRENT_PROJECT_VERSION = 1;
				DEVELOPMENT_TEAM = TLQWZ8TT2Z;
				GENERATE_INFOPLIST_FILE = YES;
				IPHONEOS_DEPLOYMENT_TARGET = 16.2;
				MACOSX_DEPLOYMENT_TARGET = 13.1;
				MARKETING_VERSION = 1.0;
				PRODUCT_BUNDLE_IDENTIFIER = "moi.Slot-MachineUITests";
				PRODUCT_NAME = "$(TARGET_NAME)";
				SDKROOT = auto;
				SUPPORTED_PLATFORMS = "iphoneos iphonesimulator macosx";
				SWIFT_EMIT_LOC_STRINGS = NO;
				SWIFT_VERSION = 5.0;
				TARGETED_DEVICE_FAMILY = "1,2";
				TEST_TARGET_NAME = "Slot Machine";
			};
			name = Debug;
		};
		B02F15CB295E50EC008358DB /* Release */ = {
			isa = XCBuildConfiguration;
			buildSettings = {
				ALWAYS_EMBED_SWIFT_STANDARD_LIBRARIES = YES;
				CODE_SIGN_STYLE = Automatic;
				CURRENT_PROJECT_VERSION = 1;
				DEVELOPMENT_TEAM = TLQWZ8TT2Z;
				GENERATE_INFOPLIST_FILE = YES;
				IPHONEOS_DEPLOYMENT_TARGET = 16.2;
				MACOSX_DEPLOYMENT_TARGET = 13.1;
				MARKETING_VERSION = 1.0;
				PRODUCT_BUNDLE_IDENTIFIER = "moi.Slot-MachineUITests";
				PRODUCT_NAME = "$(TARGET_NAME)";
				SDKROOT = auto;
				SUPPORTED_PLATFORMS = "iphoneos iphonesimulator macosx";
				SWIFT_EMIT_LOC_STRINGS = NO;
				SWIFT_VERSION = 5.0;
				TARGETED_DEVICE_FAMILY = "1,2";
				TEST_TARGET_NAME = "Slot Machine";
			};
			name = Release;
		};
/* End XCBuildConfiguration section */

/* Begin XCConfigurationList section */
		B02F1599295E50E9008358DB /* Build configuration list for PBXProject "Slot Machine" */ = {
			isa = XCConfigurationList;
			buildConfigurations = (
				B02F15C1295E50EC008358DB /* Debug */,
				B02F15C2295E50EC008358DB /* Release */,
			);
			defaultConfigurationIsVisible = 0;
			defaultConfigurationName = Release;
		};
		B02F15C3295E50EC008358DB /* Build configuration list for PBXNativeTarget "Slot Machine" */ = {
			isa = XCConfigurationList;
			buildConfigurations = (
				B02F15C4295E50EC008358DB /* Debug */,
				B02F15C5295E50EC008358DB /* Release */,
			);
			defaultConfigurationIsVisible = 0;
			defaultConfigurationName = Release;
		};
		B02F15C6295E50EC008358DB /* Build configuration list for PBXNativeTarget "Slot MachineTests" */ = {
			isa = XCConfigurationList;
			buildConfigurations = (
				B02F15C7295E50EC008358DB /* Debug */,
				B02F15C8295E50EC008358DB /* Release */,
			);
			defaultConfigurationIsVisible = 0;
			defaultConfigurationName = Release;
		};
		B02F15C9295E50EC008358DB /* Build configuration list for PBXNativeTarget "Slot MachineUITests" */ = {
			isa = XCConfigurationList;
			buildConfigurations = (
				B02F15CA295E50EC008358DB /* Debug */,
				B02F15CB295E50EC008358DB /* Release */,
			);
			defaultConfigurationIsVisible = 0;
			defaultConfigurationName = Release;
		};
/* End XCConfigurationList section */
	};
	rootObject = B02F1596295E50E9008358DB /* Project object */;
}
